
Microsoft Visual Studio Solution File, Format Version 12.00
# Visual Studio Version 16
VisualStudioVersion = 16.0.29709.97
MinimumVisualStudioVersion = 10.0.40219.1
Project("{FAE04EC0-301F-11D3-BF4B-00C04F79EFBC}") = "Assignement 1 GUI", "Assignement 1 GUI\Assignement 1 GUI.csproj", "{7FEF5E68-67C6-4495-B896-96C70F1039B4}"
EndProject
Global
	GlobalSection(SolutionConfigurationPlatforms) = preSolution
		Debug|Any CPU = Debug|Any CPU
		Release|Any CPU = Release|Any CPU
	EndGlobalSection
	GlobalSection(ProjectConfigurationPlatforms) = postSolution
		{7FEF5E68-67C6-4495-B896-96C70F1039B4}.Debug|Any CPU.ActiveCfg = Debug|Any CPU
		{7FEF5E68-67C6-4495-B896-96C70F1039B4}.Debug|Any CPU.Build.0 = Debug|Any CPU
		{7FEF5E68-67C6-4495-B896-96C70F1039B4}.Release|Any CPU.ActiveCfg = Release|Any CPU
		{7FEF5E68-67C6-4495-B896-96C70F1039B4}.Release|Any CPU.Build.0 = Release|Any CPU
	EndGlobalSection
	GlobalSection(SolutionProperties) = preSolution
		HideSolutionNode = FALSE
	EndGlobalSection
	GlobalSection(ExtensibilityGlobals) = postSolution
		SolutionGuid = {60E7C711-4EBB-43B8-8210-807BDA3F0BEC}
	EndGlobalSection
EndGlobal
