
Microsoft Visual Studio Solution File, Format Version 12.00
# Visual Studio Version 16
VisualStudioVersion = 16.0.29403.142
MinimumVisualStudioVersion = 10.0.40219.1
Project("{8BC9CEB8-8B4A-11D0-8D11-00A0C91BC942}") = "ShadoMath", "ShadoMath\ShadoMath.vcxproj", "{23E31AA4-AADB-441D-A3E0-6C469A6F2861}"
EndProject
Global
	GlobalSection(SolutionConfigurationPlatforms) = preSolution
		Debug|x64 = Debug|x64
		Debug|x86 = Debug|x86
		Release|x64 = Release|x64
		Release|x86 = Release|x86
	EndGlobalSection
	GlobalSection(ProjectConfigurationPlatforms) = postSolution
		{23E31AA4-AADB-441D-A3E0-6C469A6F2861}.Debug|x64.ActiveCfg = Debug|x64
		{23E31AA4-AADB-441D-A3E0-6C469A6F2861}.Debug|x64.Build.0 = Debug|x64
		{23E31AA4-AADB-441D-A3E0-6C469A6F2861}.Debug|x86.ActiveCfg = Debug|Win32
		{23E31AA4-AADB-441D-A3E0-6C469A6F2861}.Debug|x86.Build.0 = Debug|Win32
		{23E31AA4-AADB-441D-A3E0-6C469A6F2861}.Release|x64.ActiveCfg = Release|x64
		{23E31AA4-AADB-441D-A3E0-6C469A6F2861}.Release|x64.Build.0 = Release|x64
		{23E31AA4-AADB-441D-A3E0-6C469A6F2861}.Release|x86.ActiveCfg = Release|Win32
		{23E31AA4-AADB-441D-A3E0-6C469A6F2861}.Release|x86.Build.0 = Release|Win32
	EndGlobalSection
	GlobalSection(SolutionProperties) = preSolution
		HideSolutionNode = FALSE
	EndGlobalSection
	GlobalSection(ExtensibilityGlobals) = postSolution
		SolutionGuid = {CD19223F-6412-477F-B870-EAD05CA800D3}
	EndGlobalSection
EndGlobal
